
Microsoft Visual Studio Solution File, Format Version 12.00
# Visual Studio 14
VisualStudioVersion = 14.0.24720.0
MinimumVisualStudioVersion = 10.0.40219.1
Project("{F2A71F9B-5D33-465A-A702-920D77279786}") = "Assignment One Pure Fsharp", "Assignment One Pure F#\Assignment One Pure Fsharp.fsproj", "{C5E1D147-952C-4AE4-9E98-21DDABB98298}"
EndProject
Project("{F2A71F9B-5D33-465A-A702-920D77279786}") = "Assignment One Impure Fsharp", "Assignment One Impure Fsharp\Assignment One Impure Fsharp.fsproj", "{12DCCC52-459D-4867-A05A-8E0CF7EE5D44}"
EndProject
Project("{FAE04EC0-301F-11D3-BF4B-00C04F79EFBC}") = "Assignment One Csharp", "Assignment One C#\Assignment One Csharp.csproj", "{A8827637-D163-4717-98AA-1E0C1119B078}"
EndProject
Global
	GlobalSection(SolutionConfigurationPlatforms) = preSolution
		Debug|Any CPU = Debug|Any CPU
		Release|Any CPU = Release|Any CPU
	EndGlobalSection
	GlobalSection(ProjectConfigurationPlatforms) = postSolution
		{C5E1D147-952C-4AE4-9E98-21DDABB98298}.Debug|Any CPU.ActiveCfg = Debug|Any CPU
		{C5E1D147-952C-4AE4-9E98-21DDABB98298}.Debug|Any CPU.Build.0 = Debug|Any CPU
		{C5E1D147-952C-4AE4-9E98-21DDABB98298}.Release|Any CPU.ActiveCfg = Release|Any CPU
		{C5E1D147-952C-4AE4-9E98-21DDABB98298}.Release|Any CPU.Build.0 = Release|Any CPU
		{12DCCC52-459D-4867-A05A-8E0CF7EE5D44}.Debug|Any CPU.ActiveCfg = Debug|Any CPU
		{12DCCC52-459D-4867-A05A-8E0CF7EE5D44}.Debug|Any CPU.Build.0 = Debug|Any CPU
		{12DCCC52-459D-4867-A05A-8E0CF7EE5D44}.Release|Any CPU.ActiveCfg = Release|Any CPU
		{12DCCC52-459D-4867-A05A-8E0CF7EE5D44}.Release|Any CPU.Build.0 = Release|Any CPU
		{A8827637-D163-4717-98AA-1E0C1119B078}.Debug|Any CPU.ActiveCfg = Debug|Any CPU
		{A8827637-D163-4717-98AA-1E0C1119B078}.Debug|Any CPU.Build.0 = Debug|Any CPU
		{A8827637-D163-4717-98AA-1E0C1119B078}.Release|Any CPU.ActiveCfg = Release|Any CPU
		{A8827637-D163-4717-98AA-1E0C1119B078}.Release|Any CPU.Build.0 = Release|Any CPU
	EndGlobalSection
	GlobalSection(SolutionProperties) = preSolution
		HideSolutionNode = FALSE
	EndGlobalSection
EndGlobal
